version = 1
revision = 3
requires-python = ">=3.11"

[[package]]
name = "aisb-sg"
version = "0.1.0"
source = { virtual = "." }
dependencies = [
    { name = "cuda-toolkit" },
]

[package.metadata]
requires-dist = [{ name = "cuda-toolkit", specifier = ">=13.2.1" }]

[[package]]
name = "cuda-toolkit"
version = "13.2.1"
source = { registry = "https://pypi.org/simple" }
wheels = [
    { url = "https://files.pythonhosted.org/packages/bd/6a/f79c134fa8e6d5fe028584933be063ce7961b1a85ce217f261cdda176e48/cuda_toolkit-13.2.1-py2.py3-none-any.whl", hash = "sha256:646d0e3668ce6f78f2312bb9cc0f668b9cbfcbef187eaa6a39eb2ea6dbec2a31", size = 2612, upload-time = "2026-04-14T01:10:36.163Z" },
]
